<?xml version="1.0" encoding="utf-8"?>
<Project DefaultTargets="Build" ToolsVersion="4.0" xmlns="http://schemas.microsoft.com/developer/msbuild/2003">
  <PropertyGroup>
    <Configuration Condition=" '$(Configuration)' == '' ">Debug</Configuration>
    <Platform Condition=" '$(Platform)' == '' ">AnyCPU</Platform>
    <ProductVersion>10.0.0</ProductVersion>
    <SchemaVersion>2.0</SchemaVersion>
    <ProjectGuid>{E30BEA82-9A3F-405F-9833-69DA94183C16}</ProjectGuid>
    <Compiler>DMD2</Compiler>
    <PreferOneStepBuild>true</PreferOneStepBuild>
    <UseDefaultCompiler>true</UseDefaultCompiler>
    <IncrementalLinking>true</IncrementalLinking>
    <Includes>
      <Includes>
        <Path>$solution/TribesAscendSDK</Path>
      </Includes>
    </Includes>
  </PropertyGroup>
  <PropertyGroup Condition=" '$(Configuration)|$(Platform)' == 'Debug|AnyCPU' ">
    <DebugSymbols>true</DebugSymbols>
    <OutputPath>..\..\lib\</OutputPath>
    <Externalconsole>true</Externalconsole>
    <Target>StaticLibrary</Target>
    <OutputName>GameFramework</OutputName>
    <UnittestMode>false</UnittestMode>
    <ObjectsDirectory>obj\Debug</ObjectsDirectory>
    <DebugLevel>0</DebugLevel>
  </PropertyGroup>
  <PropertyGroup Condition=" '$(Configuration)|$(Platform)' == 'Release|AnyCPU' ">
    <OutputPath>..\..\lib\</OutputPath>
    <Externalconsole>true</Externalconsole>
    <Target>StaticLibrary</Target>
    <OutputName>GameFramework</OutputName>
    <UnittestMode>false</UnittestMode>
    <ObjectsDirectory>obj\Release</ObjectsDirectory>
    <DebugLevel>0</DebugLevel>
  </PropertyGroup>
  <ItemGroup>
    <Compile Include="DynamicGameCrowdDestination.d" />
    <Compile Include="DynamicSpriteComponent.d" />
    <Compile Include="FrameworkGame.d" />
    <Compile Include="GameAICmd_Hover_MoveToGoal.d" />
    <Compile Include="GameAICmd_Hover_MoveToGoal_Mesh.d" />
    <Compile Include="GameAICommand.d" />
    <Compile Include="GameAIController.d" />
    <Compile Include="GameCameraBase.d" />
    <Compile Include="GameCameraBlockingVolume.d" />
    <Compile Include="GameCrowd_ListOfAgents.d" />
    <Compile Include="GameCrowdAgent.d" />
    <Compile Include="GameCrowdAgentBehavior.d" />
    <Compile Include="GameCrowdAgentSkeletal.d" />
    <Compile Include="GameCrowdAttractor.d" />
    <Compile Include="GameCrowdBehavior_PlayAnimation.d" />
    <Compile Include="GameCrowdBehavior_RunFromPanic.d" />
    <Compile Include="GameCrowdBehavior_WaitForGroup.d" />
    <Compile Include="GameCrowdBehavior_WaitInQueue.d" />
    <Compile Include="GameCrowdDestination.d" />
    <Compile Include="GameCrowdDestinationQueuePoint.d" />
    <Compile Include="GameCrowdForcePoint.d" />
    <Compile Include="GameCrowdGroup.d" />
    <Compile Include="GameCrowdInteractionDestination.d" />
    <Compile Include="GameCrowdInteractionPoint.d" />
    <Compile Include="GameCrowdPopulationManager.d" />
    <Compile Include="GameCrowdReplicationActor.d" />
    <Compile Include="GameCrowdRepulsor.d" />
    <Compile Include="GameCrowdSpawnerInterface.d" />
    <Compile Include="GameCrowdSpawnInterface.d" />
    <Compile Include="GameDestinationConnRenderingComponent.d" />
    <Compile Include="GameExplosion.d" />
    <Compile Include="GameExplosionActor.d" />
    <Compile Include="GameExplosionContent.d" />
    <Compile Include="GameFixedCamera.d" />
    <Compile Include="GameKActorSpawnableEffect.d" />
    <Compile Include="GamePawn.d" />
    <Compile Include="GamePlayerCamera.d" />
    <Compile Include="GamePlayerController.d" />
    <Compile Include="GameSkelCtrl_Recoil.d" />
    <Compile Include="GameSpecialMove.d" />
    <Compile Include="GameStateObject.d" />
    <Compile Include="GameStatsAggregator.d" />
    <Compile Include="GameThirdPersonCamera.d" />
    <Compile Include="GameThirdPersonCameraMode.d" />
    <Compile Include="GameThirdPersonCameraMode_Default.d" />
    <Compile Include="GameTypes.d" />
    <Compile Include="GameWaveForms.d" />
    <Compile Include="MobileHUD.d" />
    <Compile Include="MobileInputZone.d" />
    <Compile Include="MobileMenuButton.d" />
    <Compile Include="MobileMenuGame.d" />
    <Compile Include="MobileMenuImage.d" />
    <Compile Include="MobileMenuLabel.d" />
    <Compile Include="MobileMenuObject.d" />
    <Compile Include="MobileMenuPlayerController.d" />
    <Compile Include="MobileMenuScene.d" />
    <Compile Include="MobilePlayerInput.d" />
    <Compile Include="NavMeshGoal_OutOfViewFrom.d" />
    <Compile Include="NavMeshPath_BiasAgainstPolysWithinDistanceOfLocations.d" />
    <Compile Include="PlayerCollectorGame.d" />
    <Compile Include="PMESTG_LeaveADecalBase.d" />
    <Compile Include="SeqAct_ControlGameMovie.d" />
    <Compile Include="SeqAct_Deproject.d" />
    <Compile Include="SeqAct_GameCrowdPopulationManagerToggle.d" />
    <Compile Include="SeqAct_GameCrowdSpawner.d" />
    <Compile Include="SeqAct_MobileAddInputZones.d" />
    <Compile Include="SeqAct_MobileClearInputZones.d" />
    <Compile Include="SeqAct_MobileRemoveInputZone.d" />
    <Compile Include="SeqAct_MobileSaveLoadValue.d" />
    <Compile Include="SeqAct_ModifyProperty.d" />
    <Compile Include="SeqAct_PlayAgentAnimation.d" />
    <Compile Include="SeqEvent_CrowdAgentReachedDestination.d" />
    <Compile Include="SeqEvent_HudRender.d" />
    <Compile Include="SeqEvent_HudRenderImage.d" />
    <Compile Include="SeqEvent_HudRenderText.d" />
    <Compile Include="SeqEvent_MobileBase.d" />
    <Compile Include="SeqEvent_MobileButton.d" />
    <Compile Include="SeqEvent_MobileInput.d" />
    <Compile Include="SeqEvent_MobileLook.d" />
    <Compile Include="SeqEvent_MobileMotion.d" />
    <Compile Include="SeqEvent_MobileObjectPicker.d" />
    <Compile Include="SeqEvent_MobileRawInput.d" />
    <Compile Include="SeqEvent_MobileSwipe.d" />
    <Compile Include="SeqEvent_MobileZoneBase.d" />
  </ItemGroup>
</Project>