<?xml version="1.0" encoding="utf-8"?>
<Project DefaultTargets="Build" ToolsVersion="4.0" xmlns="http://schemas.microsoft.com/developer/msbuild/2003">
  <PropertyGroup>
    <Configuration Condition=" '$(Configuration)' == '' ">Debug</Configuration>
    <Platform Condition=" '$(Platform)' == '' ">AnyCPU</Platform>
    <ProductVersion>10.0.0</ProductVersion>
    <SchemaVersion>2.0</SchemaVersion>
    <ProjectGuid>{E3880723-AE5D-4109-A433-5EC0B038FFBF}</ProjectGuid>
    <Compiler>DMD2</Compiler>
    <PreferOneStepBuild>true</PreferOneStepBuild>
    <UseDefaultCompiler>true</UseDefaultCompiler>
    <IncrementalLinking>true</IncrementalLinking>
    <Includes>
      <Includes>
        <Path>C:\Tribes\TribesAscendSDK\TribesAscendSDK</Path>
      </Includes>
    </Includes>
  </PropertyGroup>
  <PropertyGroup Condition=" '$(Configuration)|$(Platform)' == 'Debug|AnyCPU' ">
    <DebugSymbols>true</DebugSymbols>
    <OutputPath>..\..\lib\</OutputPath>
    <Externalconsole>true</Externalconsole>
    <Target>StaticLibrary</Target>
    <OutputName>UTGame</OutputName>
    <UnittestMode>false</UnittestMode>
    <ObjectsDirectory>obj\Debug</ObjectsDirectory>
    <DebugLevel>0</DebugLevel>
  </PropertyGroup>
  <PropertyGroup Condition=" '$(Configuration)|$(Platform)' == 'Release|AnyCPU' ">
    <OutputPath>..\..\lib\</OutputPath>
    <Externalconsole>true</Externalconsole>
    <Target>StaticLibrary</Target>
    <OutputName>UTGame</OutputName>
    <UnittestMode>false</UnittestMode>
    <ObjectsDirectory>obj\Release</ObjectsDirectory>
    <DebugLevel>0</DebugLevel>
  </PropertyGroup>
  <ItemGroup>
  </ItemGroup>
  <ItemGroup>
  </ItemGroup>
  <ItemGroup>
    <Compile Include="DemoRecSpectator.d" />
    <Compile Include="ForcedDirVolume.d" />
    <Compile Include="GFxMinimap.d" />
    <Compile Include="GFxMinimapHud.d" />
    <Compile Include="GFxProjectedUI.d" />
    <Compile Include="GFxUDKFrontEnd.d" />
    <Compile Include="GFxUDKFrontEnd_Dialog.d" />
    <Compile Include="GFxUDKFrontEnd_ErrorDialog.d" />
    <Compile Include="GFxUDKFrontEnd_FilterDialog.d" />
    <Compile Include="GFxUDKFrontEnd_GameMode.d" />
    <Compile Include="GFxUDKFrontEnd_HostGame.d" />
    <Compile Include="GFxUDKFrontEnd_InfoDialog.d" />
    <Compile Include="GFxUDKFrontEnd_InstantAction.d" />
    <Compile Include="GFxUDKFrontEnd_JoinDialog.d" />
    <Compile Include="GFxUDKFrontEnd_JoinGame.d" />
    <Compile Include="GFxUDKFrontEnd_LaunchGame.d" />
    <Compile Include="GFxUDKFrontEnd_MainMenu.d" />
    <Compile Include="GFxUDKFrontEnd_MapSelect.d" />
    <Compile Include="GFxUDKFrontEnd_Multiplayer.d" />
    <Compile Include="GFxUDKFrontEnd_Mutators.d" />
    <Compile Include="GFxUDKFrontEnd_PasswordDialog.d" />
    <Compile Include="GFxUDKFrontEnd_Screen.d" />
    <Compile Include="GFxUDKFrontEnd_ServerSettings.d" />
    <Compile Include="GFxUDKFrontEnd_Settings.d" />
    <Compile Include="GFxUDKFrontEnd_SettingsBase.d" />
    <Compile Include="GFxUDKFrontEnd_View.d" />
    <Compile Include="GFxUI_InventoryButton.d" />
    <Compile Include="GFxUI_PauseMenu.d" />
    <Compile Include="GFxUIFrontEnd_TitleScreen.d" />
    <Compile Include="GFxUIView.d" />
    <Compile Include="SeqAct_UTCrowdSpawner.d" />
    <Compile Include="UTActorFactoryAI.d" />
    <Compile Include="UTActorFactoryPickup.d" />
    <Compile Include="UTActorFactoryTeamStaticMesh.d" />
    <Compile Include="UTActorFactoryUTKActor.d" />
    <Compile Include="UTActorFactoryVehicle.d" />
    <Compile Include="UTAirVehicle.d" />
    <Compile Include="UTAmbientSoundComponent.d" />
    <Compile Include="UTAmmoPickupFactory.d" />
    <Compile Include="UTAnimBlendBase.d" />
    <Compile Include="UTAnimBlendByDriving.d" />
    <Compile Include="UTAnimBlendByFall.d" />
    <Compile Include="UTAnimBlendByFlying.d" />
    <Compile Include="UTAnimBlendByHoverboarding.d" />
    <Compile Include="UTAnimBlendByHoverboardTilt.d" />
    <Compile Include="UTAnimBlendByHoverboardTurn.d" />
    <Compile Include="UTAnimBlendByHoverJump.d" />
    <Compile Include="UTAnimBlendByIdle.d" />
    <Compile Include="UTAnimBlendByPhysics.d" />
    <Compile Include="UTAnimBlendByPhysicsVolume.d" />
    <Compile Include="UTAnimBlendByPosture.d" />
    <Compile Include="UTAnimBlendBySlotActive.d" />
    <Compile Include="UTAnimBlendBySpeed.d" />
    <Compile Include="UTAnimBlendByTurnInPlace.d" />
    <Compile Include="UTAnimBlendByVehicle.d" />
    <Compile Include="UTAnimBlendByWeapon.d" />
    <Compile Include="UTAnimBlendByWeapType.d" />
    <Compile Include="UTAnimNodeCopyBoneTranslation.d" />
    <Compile Include="UTAnimNodeFramePlayer.d" />
    <Compile Include="UTAnimNodeJumpLeanOffset.d" />
    <Compile Include="UTAnimNodeSequence.d" />
    <Compile Include="UTAnimNodeSequenceByBoneRotation.d" />
    <Compile Include="UTAnimNodeSeqWeap.d" />
    <Compile Include="UTAnnouncer.d" />
    <Compile Include="UTAreaNamingVolume.d" />
    <Compile Include="UTArmorPickupFactory.d" />
    <Compile Include="UTArmorPickupLight.d" />
    <Compile Include="UTAutoCrouchVolume.d" />
    <Compile Include="UTAvoidMarker.d" />
    <Compile Include="UTBeamWeapon.d" />
    <Compile Include="UTBeamWeaponAttachment.d" />
    <Compile Include="UTBot.d" />
    <Compile Include="UTCarriedObject.d" />
    <Compile Include="UTCarriedObjectMessage.d" />
    <Compile Include="UTCharInfo.d" />
    <Compile Include="UTCheatManager.d" />
    <Compile Include="UTCicadaRocketExplosionLight.d" />
    <Compile Include="UTClientSideWeaponPawn.d" />
    <Compile Include="UTConsole.d" />
    <Compile Include="UTConsolePlayerController.d" />
    <Compile Include="UTConsolePlayerInput.d" />
    <Compile Include="UTCTFBase.d" />
    <Compile Include="UTCTFFlag.d" />
    <Compile Include="UTCTFGame.d" />
    <Compile Include="UTCTFHUD.d" />
    <Compile Include="UTCTFHUDMessage.d" />
    <Compile Include="UTCTFSquadAI.d" />
    <Compile Include="UTCTFTeamAI.d" />
    <Compile Include="UTDamageType.d" />
    <Compile Include="UTDataStore_GameSearchDM.d" />
    <Compile Include="UTDataStore_GameSearchFavorites.d" />
    <Compile Include="UTDataStore_GameSearchHistory.d" />
    <Compile Include="UTDataStore_GameSearchPersonal.d" />
    <Compile Include="UTDataStore_GameSettingsDM.d" />
    <Compile Include="UTDeathmatch.d" />
    <Compile Include="UTDeathMessage.d" />
    <Compile Include="UTDecalManager.d" />
    <Compile Include="UTDefensePoint.d" />
    <Compile Include="UTDmgType_Burning.d" />
    <Compile Include="UTDmgType_Drowned.d" />
    <Compile Include="UTDmgType_Encroached.d" />
    <Compile Include="UTDmgType_Lava.d" />
    <Compile Include="UTDmgType_Pancake.d" />
    <Compile Include="UTDmgType_RanOver.d" />
    <Compile Include="UTDmgType_ScorpionSelfDestruct.d" />
    <Compile Include="UTDmgType_SpaceDeath.d" />
    <Compile Include="UTDmgType_Telefrag.d" />
    <Compile Include="UTDmgType_VehicleCollision.d" />
    <Compile Include="UTDmgType_VehicleExplosion.d" />
    <Compile Include="UTDMRoster.d" />
    <Compile Include="UTDMSquad.d" />
    <Compile Include="UTDroppedItemPickup.d" />
    <Compile Include="UTDroppedPickup.d" />
    <Compile Include="UTDummyPawn.d" />
    <Compile Include="UTDynamicWaterVolume.d" />
    <Compile Include="UTEmit_BloodSpray.d" />
    <Compile Include="UTEmit_BodyFlame.d" />
    <Compile Include="UTEmit_HeadShotHelmet.d" />
    <Compile Include="UTEmit_HitEffect.d" />
    <Compile Include="UTEmit_VehicleHit.d" />
    <Compile Include="UTEmitCameraEffect.d" />
    <Compile Include="UTEmitter.d" />
    <Compile Include="UTEntryGame.d" />
    <Compile Include="UTEntryHUD.d" />
    <Compile Include="UTEntryPlayerController.d" />
    <Compile Include="UTFamilyInfo.d" />
    <Compile Include="UTFirstBloodMessage.d" />
    <Compile Include="UTGame.d" />
    <Compile Include="UTGameInteraction.d" />
    <Compile Include="UTGameObjective.d" />
    <Compile Include="UTGameReplicationInfo.d" />
    <Compile Include="UTGameSearchCommon.d" />
    <Compile Include="UTGameSearchPersonal.d" />
    <Compile Include="UTGameSettingsCommon.d" />
    <Compile Include="UTGameSettingsCTF.d" />
    <Compile Include="UTGameSettingsDM.d" />
    <Compile Include="UTGameSettingsPersonal.d" />
    <Compile Include="UTGameSettingsTDM.d" />
    <Compile Include="UTGameSettingsVCTF.d" />
    <Compile Include="UTGameViewportClient.d" />
    <Compile Include="UTGFxHudWrapper.d" />
    <Compile Include="UTGFxTweenableMoviePlayer.d" />
    <Compile Include="UTGib.d" />
    <Compile Include="UTGib_Vehicle.d" />
    <Compile Include="UTGib_VehiclePiece.d" />
    <Compile Include="UTGibSkeletalMeshComponent.d" />
    <Compile Include="UTGibStaticMeshComponent.d" />
    <Compile Include="UTGreenMuzzleFlashLight.d" />
    <Compile Include="UTHealthPickupFactory.d" />
    <Compile Include="UTHealthPickupLight.d" />
    <Compile Include="UTHoldSpot.d" />
    <Compile Include="UTHoverWheel.d" />
    <Compile Include="UTHUD.d" />
    <Compile Include="UTHUDBase.d" />
    <Compile Include="UTHugeExplosionLight.d" />
    <Compile Include="UTIdleKickWarningMessage.d" />
    <Compile Include="UTInventory.d" />
    <Compile Include="UTInventoryManager.d" />
    <Compile Include="UTItemPickupFactory.d" />
    <Compile Include="UTJumpLiftExit.d" />
    <Compile Include="UTKActor.d" />
    <Compile Include="UTKillerMessage.d" />
    <Compile Include="UTKillingSpreeMessage.d" />
    <Compile Include="UTKillsRemainingMessage.d" />
    <Compile Include="UTKillZVolume.d" />
    <Compile Include="UTKismetAnnouncement.d" />
    <Compile Include="UTLastSecondMessage.d" />
    <Compile Include="UTLavaVolume.d" />
    <Compile Include="UTLeviathanMuzzleFlashLight.d" />
    <Compile Include="UTLinkBeamLight.d" />
    <Compile Include="UTLinkGunMuzzleFlashLight.d" />
    <Compile Include="UTLocalMessage.d" />
    <Compile Include="UTLockWarningMessage.d" />
    <Compile Include="UTMapInfo.d" />
    <Compile Include="UTMapMusicInfo.d" />
    <Compile Include="UTMultiKillMessage.d" />
    <Compile Include="UTMusicManager.d" />
    <Compile Include="UTMutator.d" />
    <Compile Include="UTMutator_Arena.d" />
    <Compile Include="UTMutator_BigHead.d" />
    <Compile Include="UTMutator_FriendlyFire.d" />
    <Compile Include="UTMutator_LowGrav.d" />
    <Compile Include="UTMutator_NoHoverboard.d" />
    <Compile Include="UTMutator_NoPowerups.d" />
    <Compile Include="UTMutator_Slomo.d" />
    <Compile Include="UTMutator_SlowTimeKills.d" />
    <Compile Include="UTMutator_SpeedFreak.d" />
    <Compile Include="UTMutator_SuperBerserk.d" />
    <Compile Include="UTMutator_WeaponsRespawn.d" />
    <Compile Include="UTObjectiveAnnouncement.d" />
    <Compile Include="UTObjectiveSpecificMessage.d" />
    <Compile Include="UTParticleSystemComponent.d" />
    <Compile Include="UTPawn.d" />
    <Compile Include="UTPawnSoundGroup.d" />
    <Compile Include="UTPhysicalMaterialProperty.d" />
    <Compile Include="UTPickupFactory.d" />
    <Compile Include="UTPickupInventory.d" />
    <Compile Include="UTPickupMessage.d" />
    <Compile Include="UTPlayerController.d" />
    <Compile Include="UTPlayerInput.d" />
    <Compile Include="UTPlayerReplicationInfo.d" />
    <Compile Include="UTPortal.d" />
    <Compile Include="UTPowerupPickupFactory.d" />
    <Compile Include="UTProjectile.d" />
    <Compile Include="UTQueuedAnnouncement.d" />
    <Compile Include="UTReplicatedEmitter.d" />
    <Compile Include="UTRocketExplosionLight.d" />
    <Compile Include="UTRocketLight.d" />
    <Compile Include="UTRocketMuzzleFlashLight.d" />
    <Compile Include="UTRotatingDroppedPickup.d" />
    <Compile Include="UTSayMsg.d" />
    <Compile Include="UTScavengerMessage.d" />
    <Compile Include="UTScout.d" />
    <Compile Include="UTScriptedBotVolume.d" />
    <Compile Include="UTScriptedVoiceMessage.d" />
    <Compile Include="UTSD_SpawnedKActor.d" />
    <Compile Include="UTSeqAct_ActivateRocketBoosters.d" />
    <Compile Include="UTSeqAct_AddNamedBot.d" />
    <Compile Include="UTSeqAct_AIFreeze.d" />
    <Compile Include="UTSeqAct_AIStartFireAt.d" />
    <Compile Include="UTSeqAct_AIStopFire.d" />
    <Compile Include="UTSeqAct_ChangeTeam.d" />
    <Compile Include="UTSeqAct_DummyWeaponFire.d" />
    <Compile Include="UTSeqAct_EnterVehicle.d" />
    <Compile Include="UTSeqAct_ExitVehicle.d" />
    <Compile Include="UTSeqAct_GetTeamNum.d" />
    <Compile Include="UTSeqAct_HoverboardSpinJump.d" />
    <Compile Include="UTSeqAct_InfiniteAmmo.d" />
    <Compile Include="UTSeqAct_PlayAnim.d" />
    <Compile Include="UTSeqAct_PlayAnnouncement.d" />
    <Compile Include="UTSeqAct_PlayCameraAnim.d" />
    <Compile Include="UTSeqAct_ReturnCTFFlag.d" />
    <Compile Include="UTSeqAct_ScriptedVoiceMessage.d" />
    <Compile Include="UTSeqAct_SelfDestruct.d" />
    <Compile Include="UTSeqAct_SetBotsMustComplete.d" />
    <Compile Include="UTSeqAct_SetVisibilityModifier.d" />
    <Compile Include="UTSeqAct_SpawnProjectile.d" />
    <Compile Include="UTSeqAct_StopCameraAnim.d" />
    <Compile Include="UTSeqAct_ToggleAnnouncements.d" />
    <Compile Include="UTSeqAct_UseHoverboard.d" />
    <Compile Include="UTSeqCond_CheckWeapon.d" />
    <Compile Include="UTSeqCond_DoTutorial.d" />
    <Compile Include="UTSeqCond_HasInventory.d" />
    <Compile Include="UTSeqCond_IsCarryingFlag.d" />
    <Compile Include="UTSeqCond_IsConsole.d" />
    <Compile Include="UTSeqCond_IsUsingWeapon.d" />
    <Compile Include="UTSeqEvent_FlagEvent.d" />
    <Compile Include="UTSeqEvent_GameEnded.d" />
    <Compile Include="UTSeqEvent_ObjectiveCompleted.d" />
    <Compile Include="UTSeqEvent_SkipCinematic.d" />
    <Compile Include="UTSeqEvent_VehicleFactory.d" />
    <Compile Include="UTShockBallLight.d" />
    <Compile Include="UTShockComboExplosionLight.d" />
    <Compile Include="UTShockImpactLight.d" />
    <Compile Include="UTShockMuzzleFlashLight.d" />
    <Compile Include="UTSimpleDestroyable.d" />
    <Compile Include="UTSkelControl_CantileverBeam.d" />
    <Compile Include="UTSkelControl_CicadaEngine.d" />
    <Compile Include="UTSkelControl_Damage.d" />
    <Compile Include="UTSkelControl_DamageHinge.d" />
    <Compile Include="UTSkelControl_DamageSpring.d" />
    <Compile Include="UTSkelControl_HoverboardSuspension.d" />
    <Compile Include="UTSkelControl_HoverboardSwing.d" />
    <Compile Include="UTSkelControl_HoverboardVibration.d" />
    <Compile Include="UTSkelControl_HugGround.d" />
    <Compile Include="UTSkelControl_JetThruster.d" />
    <Compile Include="UTSkelControl_LockRotation.d" />
    <Compile Include="UTSkelControl_LookAt.d" />
    <Compile Include="UTSkelControl_MantaBlade.d" />
    <Compile Include="UTSkelControl_MantaFlaps.d" />
    <Compile Include="UTSkelControl_MassBoneScaling.d" />
    <Compile Include="UTSkelControl_Oscillate.d" />
    <Compile Include="UTSkelControl_Rotate.d" />
    <Compile Include="UTSkelControl_SpinControl.d" />
    <Compile Include="UTSkelControl_TurretConstrained.d" />
    <Compile Include="UTSlimeVolume.d" />
    <Compile Include="UTSquadAI.d" />
    <Compile Include="UTStartupMessage.d" />
    <Compile Include="UTStingerMuzzleFlashLight.d" />
    <Compile Include="UTTeamAI.d" />
    <Compile Include="UTTeamDeathMessage.d" />
    <Compile Include="UTTeamGame.d" />
    <Compile Include="UTTeamGameMessage.d" />
    <Compile Include="UTTeamHUD.d" />
    <Compile Include="UTTeamInfo.d" />
    <Compile Include="UTTeamPlayerStart.d" />
    <Compile Include="UTTeamSayMsg.d" />
    <Compile Include="UTTeamStaticMesh.d" />
    <Compile Include="UTTeleporterCustomMesh.d" />
    <Compile Include="UTTimedPowerup.d" />
    <Compile Include="UTTimerMessage.d" />
    <Compile Include="UTTrajectoryReachSpec.d" />
    <Compile Include="UTTurretMuzzleFlashLight.d" />
    <Compile Include="UTUIDataProvider_GameModeInfo.d" />
    <Compile Include="UTUIDataProvider_KeyBinding.d" />
    <Compile Include="UTUIDataProvider_MapInfo.d" />
    <Compile Include="UTUIDataProvider_MenuOption.d" />
    <Compile Include="UTUIDataProvider_MultiplayerMenuItem.d" />
    <Compile Include="UTUIDataProvider_Mutator.d" />
    <Compile Include="UTUIDataProvider_SearchResult.d" />
    <Compile Include="UTUIDataProvider_ServerDetails.d" />
    <Compile Include="UTUIDataProvider_SettingsMenuItem.d" />
    <Compile Include="UTUIDataProvider_SimpleElementProvider.d" />
    <Compile Include="UTUIDataProvider_StringArray.d" />
    <Compile Include="UTUIDataProvider_Weapon.d" />
    <Compile Include="UTUIDataStore_MenuItems.d" />
    <Compile Include="UTUIDataStore_Options.d" />
    <Compile Include="UTUIDataStore_StringAliasBindingsMap.d" />
    <Compile Include="UTUIDataStore_StringAliasMap.d" />
    <Compile Include="UTUIDataStore_StringList.d" />
    <Compile Include="UTUIResourceDataProvider.d" />
    <Compile Include="UTVehicle.d" />
    <Compile Include="UTVehicleCantCarryFlagMessage.d" />
    <Compile Include="UTVehicleCTFGame.d" />
    <Compile Include="UTVehicleCTFHUD.d" />
    <Compile Include="UTVehicleDeathPiece.d" />
    <Compile Include="UTVehicleFactory.d" />
    <Compile Include="UTVehicleKillMessage.d" />
    <Compile Include="UTVehicleMessage.d" />
    <Compile Include="UTVehicleScorpionWheel.d" />
    <Compile Include="UTVehicleShield.d" />
    <Compile Include="UTVehicleWeapon.d" />
    <Compile Include="UTVictimMessage.d" />
    <Compile Include="UTVictoryMessage.d" />
    <Compile Include="UTVoice.d" />
    <Compile Include="UTWaterVolume.d" />
    <Compile Include="UTWeapon.d" />
    <Compile Include="UTWeaponAttachment.d" />
    <Compile Include="UTWeaponKillMessage.d" />
    <Compile Include="UTWeaponKillRewardMessage.d" />
    <Compile Include="UTWeaponLocker.d" />
    <Compile Include="UTWeaponLockerPickupLight.d" />
    <Compile Include="UTWeaponPawn.d" />
    <Compile Include="UTWeaponPickupFactory.d" />
    <Compile Include="UTWeaponPickupLight.d" />
    <Compile Include="UTWeaponRewardMessage.d" />
    <Compile Include="UTWeaponSwitchMessage.d" />
    <Compile Include="UTWillowWhisp.d" />
    <Compile Include="VehicleMovementEffect.d" />
  </ItemGroup>
</Project>