<?xml version="1.0" encoding="utf-8"?>
<Project DefaultTargets="Build" ToolsVersion="4.0" xmlns="http://schemas.microsoft.com/developer/msbuild/2003">
  <PropertyGroup>
    <Configuration Condition=" '$(Configuration)' == '' ">Debug</Configuration>
    <Platform Condition=" '$(Platform)' == '' ">AnyCPU</Platform>
    <ProductVersion>10.0.0</ProductVersion>
    <SchemaVersion>2.0</SchemaVersion>
    <ProjectGuid>{77B194F3-D905-4B2B-BA17-AC85EE7749D6}</ProjectGuid>
    <Compiler>DMD2</Compiler>
    <PreferOneStepBuild>true</PreferOneStepBuild>
    <UseDefaultCompiler>true</UseDefaultCompiler>
    <IncrementalLinking>true</IncrementalLinking>
    <Includes>
      <Includes>
        <Path>$solution/TribesAscendSDK</Path>
      </Includes>
    </Includes>
  </PropertyGroup>
  <PropertyGroup Condition=" '$(Configuration)|$(Platform)' == 'Debug|AnyCPU' ">
    <DebugSymbols>true</DebugSymbols>
    <OutputPath>..\..\lib\</OutputPath>
    <Externalconsole>true</Externalconsole>
    <Target>StaticLibrary</Target>
    <OutputName>UDKBase</OutputName>
    <UnittestMode>false</UnittestMode>
    <ObjectsDirectory>obj\Debug</ObjectsDirectory>
    <DebugLevel>0</DebugLevel>
  </PropertyGroup>
  <PropertyGroup Condition=" '$(Configuration)|$(Platform)' == 'Release|AnyCPU' ">
    <OutputPath>..\..\lib\</OutputPath>
    <Externalconsole>true</Externalconsole>
    <Target>StaticLibrary</Target>
    <OutputName>UDKBase</OutputName>
    <UnittestMode>false</UnittestMode>
    <ObjectsDirectory>obj\Release</ObjectsDirectory>
    <DebugLevel>0</DebugLevel>
  </PropertyGroup>
  <ItemGroup>
  </ItemGroup>
  <ItemGroup>
  </ItemGroup>
  <ItemGroup>
    <Compile Include="UDKAIDecisionComponent.d" />
    <Compile Include="UDKAnimBlendBase.d" />
    <Compile Include="UDKAnimBlendByDriving.d" />
    <Compile Include="UDKAnimBlendByFall.d" />
    <Compile Include="UDKAnimBlendByFlying.d" />
    <Compile Include="UDKAnimBlendByHoverboarding.d" />
    <Compile Include="UDKAnimBlendByHoverboardTilt.d" />
    <Compile Include="UDKAnimBlendByHoverboardTurn.d" />
    <Compile Include="UDKAnimBlendByHoverJump.d" />
    <Compile Include="UDKAnimBlendByIdle.d" />
    <Compile Include="UDKAnimBlendByPhysics.d" />
    <Compile Include="UDKAnimBlendByPhysicsVolume.d" />
    <Compile Include="UDKAnimBlendByPosture.d" />
    <Compile Include="UDKAnimBlendBySlotActive.d" />
    <Compile Include="UDKAnimBlendBySpeed.d" />
    <Compile Include="UDKAnimBlendByTurnInPlace.d" />
    <Compile Include="UDKAnimBlendByVehicle.d" />
    <Compile Include="UDKAnimBlendByWeapon.d" />
    <Compile Include="UDKAnimBlendByWeapType.d" />
    <Compile Include="UDKAnimNodeCopyBoneTranslation.d" />
    <Compile Include="UDKAnimNodeFramePlayer.d" />
    <Compile Include="UDKAnimNodeJumpLeanOffset.d" />
    <Compile Include="UDKAnimNodeSequence.d" />
    <Compile Include="UDKAnimNodeSequenceByBoneRotation.d" />
    <Compile Include="UDKAnimNodeSeqWeap.d" />
    <Compile Include="UDKBot.d" />
    <Compile Include="UDKCarriedObject.d" />
    <Compile Include="UDKDataStore_GameSearchBase.d" />
    <Compile Include="UDKEmitCameraEffect.d" />
    <Compile Include="UDKEmitterPool.d" />
    <Compile Include="UDKExplosionLight.d" />
    <Compile Include="UDKForcedDirectionVolume.d" />
    <Compile Include="UDKGame.d" />
    <Compile Include="UDKGameInteraction.d" />
    <Compile Include="UDKGameObjective.d" />
    <Compile Include="UDKGameSettingsCommon.d" />
    <Compile Include="UDKGameViewportClient.d" />
    <Compile Include="UDKHUD.d" />
    <Compile Include="UDKJumpPad.d" />
    <Compile Include="UDKJumpPadReachSpec.d" />
    <Compile Include="UDKKActorBreakable.d" />
    <Compile Include="UDKMapInfo.d" />
    <Compile Include="UDKMapMusicInfo.d" />
    <Compile Include="UDKParticleSystemComponent.d" />
    <Compile Include="UDKPawn.d" />
    <Compile Include="UDKPickupFactory.d" />
    <Compile Include="UDKPlayerController.d" />
    <Compile Include="UDKPlayerInput.d" />
    <Compile Include="UDKProfileSettings.d" />
    <Compile Include="UDKProjectile.d" />
    <Compile Include="UDKScout.d" />
    <Compile Include="UDKScriptedNavigationPoint.d" />
    <Compile Include="UDKSkelControl_CantileverBeam.d" />
    <Compile Include="UDKSkelControl_Damage.d" />
    <Compile Include="UDKSkelControl_DamageHinge.d" />
    <Compile Include="UDKSkelControl_DamageSpring.d" />
    <Compile Include="UDKSkelControl_HoverboardSuspension.d" />
    <Compile Include="UDKSkelControl_HoverboardSwing.d" />
    <Compile Include="UDKSkelControl_HoverboardVibration.d" />
    <Compile Include="UDKSkelControl_HugGround.d" />
    <Compile Include="UDKSkelControl_LockRotation.d" />
    <Compile Include="UDKSkelControl_LookAt.d" />
    <Compile Include="UDKSkelControl_MassBoneScaling.d" />
    <Compile Include="UDKSkelControl_PropellerBlade.d" />
    <Compile Include="UDKSkelControl_Rotate.d" />
    <Compile Include="UDKSkelControl_SpinControl.d" />
    <Compile Include="UDKSkelControl_TurretConstrained.d" />
    <Compile Include="UDKSkelControl_VehicleFlap.d" />
    <Compile Include="UDKSkeletalMeshComponent.d" />
    <Compile Include="UDKSquadAI.d" />
    <Compile Include="UDKTeamOwnedInfo.d" />
    <Compile Include="UDKTeamPlayerStart.d" />
    <Compile Include="UDKTeleporterBase.d" />
    <Compile Include="UDKTrajectoryReachSpec.d" />
    <Compile Include="UDKUIDataProvider_MapInfo.d" />
    <Compile Include="UDKUIDataProvider_MenuOption.d" />
    <Compile Include="UDKUIDataProvider_SearchResult.d" />
    <Compile Include="UDKUIDataProvider_ServerDetails.d" />
    <Compile Include="UDKUIDataProvider_SimpleElementProvider.d" />
    <Compile Include="UDKUIDataProvider_StringArray.d" />
    <Compile Include="UDKUIDataStore_MenuItems.d" />
    <Compile Include="UDKUIDataStore_Options.d" />
    <Compile Include="UDKUIDataStore_StringAliasBindingMap.d" />
    <Compile Include="UDKUIDataStore_StringAliasMap.d" />
    <Compile Include="UDKUIDataStore_StringList.d" />
    <Compile Include="UDKUIResourceDataProvider.d" />
    <Compile Include="UDKVehicle.d" />
    <Compile Include="UDKVehicleBase.d" />
    <Compile Include="UDKVehicleFactory.d" />
    <Compile Include="UDKVehicleMovementEffect.d" />
    <Compile Include="UDKVehicleSimCar.d" />
    <Compile Include="UDKVehicleSimChopper.d" />
    <Compile Include="UDKVehicleSimHover.d" />
    <Compile Include="UDKVehicleSimHoverboard.d" />
    <Compile Include="UDKVehicleWheel.d" />
    <Compile Include="UDKWeapon.d" />
    <Compile Include="UDKWeaponPawn.d" />
    <Compile Include="UDKWeaponShield.d" />
  </ItemGroup>
</Project>