<?xml version="1.0" encoding="utf-8"?>
<Project DefaultTargets="Build" ToolsVersion="4.0" xmlns="http://schemas.microsoft.com/developer/msbuild/2003">
  <PropertyGroup>
    <Configuration Condition=" '$(Configuration)' == '' ">Debug</Configuration>
    <Platform Condition=" '$(Platform)' == '' ">AnyCPU</Platform>
    <ProductVersion>10.0.0</ProductVersion>
    <SchemaVersion>2.0</SchemaVersion>
    <ProjectGuid>{A795EA5D-C190-4C12-BF71-BC9CC7D444CA}</ProjectGuid>
    <Compiler>DMD2</Compiler>
    <PreferOneStepBuild>true</PreferOneStepBuild>
    <UseDefaultCompiler>true</UseDefaultCompiler>
    <IncrementalLinking>true</IncrementalLinking>
    <Includes>
      <Includes>
        <Path>$solution/TribesAscendSDK</Path>
      </Includes>
    </Includes>
  </PropertyGroup>
  <PropertyGroup Condition=" '$(Configuration)|$(Platform)' == 'Debug|AnyCPU' ">
    <DebugSymbols>true</DebugSymbols>
    <OutputPath>..\..\lib\</OutputPath>
    <Externalconsole>true</Externalconsole>
    <Target>StaticLibrary</Target>
    <OutputName>EngineA</OutputName>
    <UnittestMode>false</UnittestMode>
    <ObjectsDirectory>obj\Debug</ObjectsDirectory>
    <DebugLevel>0</DebugLevel>
  </PropertyGroup>
  <PropertyGroup Condition=" '$(Configuration)|$(Platform)' == 'Release|AnyCPU' ">
    <OutputPath>..\..\lib\</OutputPath>
    <Externalconsole>true</Externalconsole>
    <Target>StaticLibrary</Target>
    <OutputName>EngineA</OutputName>
    <UnittestMode>false</UnittestMode>
    <ObjectsDirectory>obj\Release</ObjectsDirectory>
    <DebugLevel>0</DebugLevel>
  </PropertyGroup>
  <ItemGroup>
    <Compile Include="AccessControl.d" />
    <Compile Include="Actor.d" />
    <Compile Include="ActorChannel.d" />
    <Compile Include="ActorComponent.d" />
    <Compile Include="ActorFactory.d" />
    <Compile Include="ActorFactoryActor.d" />
    <Compile Include="ActorFactoryAI.d" />
    <Compile Include="ActorFactoryAmbientSound.d" />
    <Compile Include="ActorFactoryAmbientSoundMovable.d" />
    <Compile Include="ActorFactoryAmbientSoundNonLoop.d" />
    <Compile Include="ActorFactoryAmbientSoundSimple.d" />
    <Compile Include="ActorFactoryAmbientSoundSimpleToggleable.d" />
    <Compile Include="ActorFactoryApexClothing.d" />
    <Compile Include="ActorFactoryApexDestructible.d" />
    <Compile Include="ActorFactoryArchetype.d" />
    <Compile Include="ActorFactoryCoverLink.d" />
    <Compile Include="ActorFactoryDecal.d" />
    <Compile Include="ActorFactoryDecalMovable.d" />
    <Compile Include="ActorFactoryDominantDirectionalLight.d" />
    <Compile Include="ActorFactoryDominantDirectionalLightMovable.d" />
    <Compile Include="ActorFactoryDynamicSM.d" />
    <Compile Include="ActorFactoryEmitter.d" />
    <Compile Include="ActorFactoryFogVolumeConstantDensityInfo.d" />
    <Compile Include="ActorFactoryFogVolumeLinearHalfspaceDensityInfo.d" />
    <Compile Include="ActorFactoryFogVolumeSphericalDensityInfo.d" />
    <Compile Include="ActorFactoryFracturedStaticMesh.d" />
    <Compile Include="ActorFactoryInteractiveFoliage.d" />
    <Compile Include="ActorFactoryLensFlare.d" />
    <Compile Include="ActorFactoryLight.d" />
    <Compile Include="ActorFactoryMover.d" />
    <Compile Include="ActorFactoryPathNode.d" />
    <Compile Include="ActorFactoryPhysicsAsset.d" />
    <Compile Include="ActorFactoryPlayerStart.d" />
    <Compile Include="ActorFactoryPylon.d" />
    <Compile Include="ActorFactoryRigidBody.d" />
    <Compile Include="ActorFactorySkeletalMesh.d" />
    <Compile Include="ActorFactorySkeletalMeshCinematic.d" />
    <Compile Include="ActorFactorySkeletalMeshMAT.d" />
    <Compile Include="ActorFactoryStaticMesh.d" />
    <Compile Include="ActorFactoryTrigger.d" />
    <Compile Include="ActorFactoryVehicle.d" />
    <Compile Include="Admin.d" />
    <Compile Include="AdvancedReachSpec.d" />
    <Compile Include="AICommandBase.d" />
    <Compile Include="AICommandNodeBase.d" />
    <Compile Include="AICommandNodeRoot.d" />
    <Compile Include="AIController.d" />
    <Compile Include="AIGatherNodeBase.d" />
    <Compile Include="AISwitchablePylon.d" />
    <Compile Include="AITree.d" />
    <Compile Include="AITree_DMC_Base.d" />
    <Compile Include="AmbientOcclusionEffect.d" />
    <Compile Include="AmbientSound.d" />
    <Compile Include="AmbientSoundMovable.d" />
    <Compile Include="AmbientSoundNonLoop.d" />
    <Compile Include="AmbientSoundNonLoopingToggleable.d" />
    <Compile Include="AmbientSoundSimple.d" />
    <Compile Include="AmbientSoundSimpleToggleable.d" />
    <Compile Include="AnimationCompressionAlgorithm.d" />
    <Compile Include="AnimationCompressionAlgorithm_Automatic.d" />
    <Compile Include="AnimationCompressionAlgorithm_BitwiseCompressOnly.d" />
    <Compile Include="AnimationCompressionAlgorithm_PerTrackCompression.d" />
    <Compile Include="AnimationCompressionAlgorithm_RemoveEverySecondKey.d" />
    <Compile Include="AnimationCompressionAlgorithm_RemoveLinearKeys.d" />
    <Compile Include="AnimationCompressionAlgorithm_RemoveTrivialKeys.d" />
    <Compile Include="AnimationCompressionAlgorithm_RevertToRaw.d" />
    <Compile Include="AnimMetaData.d" />
    <Compile Include="AnimMetaData_SkelControl.d" />
    <Compile Include="AnimMetaData_SkelControlKeyFrame.d" />
    <Compile Include="AnimNode.d" />
    <Compile Include="AnimNode_MultiBlendPerBone.d" />
    <Compile Include="AnimNodeAdditiveBlending.d" />
    <Compile Include="AnimNodeAimOffset.d" />
    <Compile Include="AnimNodeBlend.d" />
    <Compile Include="AnimNodeBlendBase.d" />
    <Compile Include="AnimNodeBlendByBase.d" />
    <Compile Include="AnimNodeBlendByPhysics.d" />
    <Compile Include="AnimNodeBlendByPosture.d" />
    <Compile Include="AnimNodeBlendByProperty.d" />
    <Compile Include="AnimNodeBlendBySpeed.d" />
    <Compile Include="AnimNodeBlendDirectional.d" />
    <Compile Include="AnimNodeBlendList.d" />
    <Compile Include="AnimNodeBlendMultiBone.d" />
    <Compile Include="AnimNodeBlendPerBone.d" />
    <Compile Include="AnimNodeCrossfader.d" />
    <Compile Include="AnimNodeMirror.d" />
    <Compile Include="AnimNodePlayCustomAnim.d" />
    <Compile Include="AnimNodeRandom.d" />
    <Compile Include="AnimNodeScalePlayRate.d" />
    <Compile Include="AnimNodeScaleRateBySpeed.d" />
    <Compile Include="AnimNodeSequence.d" />
    <Compile Include="AnimNodeSequenceBlendBase.d" />
    <Compile Include="AnimNodeSequenceBlendByAim.d" />
    <Compile Include="AnimNodeSlot.d" />
    <Compile Include="AnimNodeSynch.d" />
    <Compile Include="AnimNotify.d" />
    <Compile Include="AnimNotify_CameraEffect.d" />
    <Compile Include="AnimNotify_ClothingMaxDistanceScale.d" />
    <Compile Include="AnimNotify_Footstep.d" />
    <Compile Include="AnimNotify_ForceField.d" />
    <Compile Include="AnimNotify_Kismet.d" />
    <Compile Include="AnimNotify_PawnMaterialParam.d" />
    <Compile Include="AnimNotify_PlayFaceFXAnim.d" />
    <Compile Include="AnimNotify_PlayParticleEffect.d" />
    <Compile Include="AnimNotify_Rumble.d" />
    <Compile Include="AnimNotify_Script.d" />
    <Compile Include="AnimNotify_Scripted.d" />
    <Compile Include="AnimNotify_Sound.d" />
    <Compile Include="AnimNotify_Trails.d" />
    <Compile Include="AnimNotify_ViewShake.d" />
    <Compile Include="AnimObject.d" />
    <Compile Include="AnimSequence.d" />
    <Compile Include="AnimSet.d" />
    <Compile Include="AnimTree.d" />
    <Compile Include="ApexAsset.d" />
    <Compile Include="ApexClothingAsset.d" />
    <Compile Include="ApexComponentBase.d" />
    <Compile Include="ApexDestructibleActor.d" />
    <Compile Include="ApexDestructibleActorSpawnable.d" />
    <Compile Include="ApexDestructibleAsset.d" />
    <Compile Include="ApexDestructibleDamageParameters.d" />
    <Compile Include="ApexDynamicComponent.d" />
    <Compile Include="ApexGenericAsset.d" />
    <Compile Include="ApexStaticComponent.d" />
    <Compile Include="ApexStaticDestructibleComponent.d" />
    <Compile Include="ArrowComponent.d" />
    <Compile Include="AudioComponent.d" />
    <Compile Include="AudioDevice.d" />
    <Compile Include="AutoLadder.d" />
    <Compile Include="AutoNavMeshPathObstacleUnregister.d" />
    <Compile Include="AutoTestManager.d" />
    <Compile Include="BlockingVolume.d" />
    <Compile Include="BlurEffect.d" />
    <Compile Include="BookMark.d" />
    <Compile Include="BookMark2D.d" />
    <Compile Include="BroadcastHandler.d" />
    <Compile Include="Brush.d" />
    <Compile Include="BrushComponent.d" />
    <Compile Include="BrushShape.d" />
    <Compile Include="Camera.d" />
    <Compile Include="CameraActor.d" />
    <Compile Include="CameraAnim.d" />
    <Compile Include="CameraAnimInst.d" />
    <Compile Include="CameraConeComponent.d" />
    <Compile Include="CameraModifier.d" />
    <Compile Include="CameraModifier_CameraShake.d" />
    <Compile Include="CameraShake.d" />
    <Compile Include="Canvas.d" />
    <Compile Include="CeilingReachSpec.d" />
    <Compile Include="Channel.d" />
    <Compile Include="ChannelDownload.d" />
    <Compile Include="CheatManager.d" />
    <Compile Include="ChildConnection.d" />
    <Compile Include="Client.d" />
    <Compile Include="ClipPadEntry.d" />
    <Compile Include="CodecMovie.d" />
    <Compile Include="CodecMovieBink.d" />
    <Compile Include="CodecMovieFallback.d" />
    <Compile Include="ColorScaleVolume.d" />
    <Compile Include="Console.d" />
    <Compile Include="ControlChannel.d" />
    <Compile Include="Controller.d" />
    <Compile Include="CoverGroup.d" />
    <Compile Include="CoverGroupRenderingComponent.d" />
    <Compile Include="CoverLink.d" />
    <Compile Include="CoverMeshComponent.d" />
    <Compile Include="CoverReplicator.d" />
    <Compile Include="CoverSlipReachSpec.d" />
    <Compile Include="CrowdAgentBase.d" />
    <Compile Include="CrowdPopulationManagerBase.d" />
    <Compile Include="CullDistanceVolume.d" />
    <Compile Include="CurveEdPresetCurve.d" />
    <Compile Include="CustomPropertyItemHandler.d" />
    <Compile Include="CylinderComponent.d" />
    <Compile Include="DamageType.d" />
    <Compile Include="DataStoreClient.d" />
    <Compile Include="DebugCameraController.d" />
    <Compile Include="DebugCameraHUD.d" />
    <Compile Include="DebugCameraInput.d" />
    <Compile Include="DecalActor.d" />
    <Compile Include="DecalActorBase.d" />
    <Compile Include="DecalActorMovable.d" />
    <Compile Include="DecalComponent.d" />
    <Compile Include="DecalManager.d" />
    <Compile Include="DecalMaterial.d" />
    <Compile Include="DefaultPhysicsVolume.d" />
    <Compile Include="DemoPlayPendingLevel.d" />
    <Compile Include="DemoRecConnection.d" />
    <Compile Include="DemoRecDriver.d" />
    <Compile Include="DirectionalLight.d" />
    <Compile Include="DirectionalLightComponent.d" />
    <Compile Include="DirectionalLightToggleable.d" />
    <Compile Include="DistributionFloatConstant.d" />
    <Compile Include="DistributionFloatConstantCurve.d" />
    <Compile Include="DistributionFloatParameterBase.d" />
    <Compile Include="DistributionFloatParticleParameter.d" />
    <Compile Include="DistributionFloatSoundParameter.d" />
    <Compile Include="DistributionFloatUniform.d" />
    <Compile Include="DistributionFloatUniformCurve.d" />
    <Compile Include="DistributionVectorConstant.d" />
    <Compile Include="DistributionVectorConstantCurve.d" />
    <Compile Include="DistributionVectorParameterBase.d" />
    <Compile Include="DistributionVectorParticleParameter.d" />
    <Compile Include="DistributionVectorUniform.d" />
    <Compile Include="DistributionVectorUniformCurve.d" />
    <Compile Include="DMC_Base.d" />
    <Compile Include="DMC_Prototype.d" />
    <Compile Include="DmgType_Crushed.d" />
    <Compile Include="DmgType_Fell.d" />
    <Compile Include="DmgType_Suicided.d" />
    <Compile Include="DmgType_Telefragged.d" />
    <Compile Include="DOFAndBloomEffect.d" />
    <Compile Include="DOFBloomMotionBlurEffect.d" />
    <Compile Include="DOFEffect.d" />
    <Compile Include="DominantDirectionalLight.d" />
    <Compile Include="DominantDirectionalLightComponent.d" />
    <Compile Include="DominantDirectionalLightMovable.d" />
    <Compile Include="DominantPointLight.d" />
    <Compile Include="DominantPointLightComponent.d" />
    <Compile Include="DominantSpotLight.d" />
    <Compile Include="DominantSpotLightComponent.d" />
    <Compile Include="DoorMarker.d" />
    <Compile Include="Download.d" />
    <Compile Include="DownloadableContentEnumerator.d" />
    <Compile Include="DownloadableContentManager.d" />
    <Compile Include="DrawBoxComponent.d" />
    <Compile Include="DrawCapsuleComponent.d" />
    <Compile Include="DrawConeComponent.d" />
    <Compile Include="DrawCylinderComponent.d" />
    <Compile Include="DrawFrustumComponent.d" />
    <Compile Include="DrawLightConeComponent.d" />
    <Compile Include="DrawLightRadiusComponent.d" />
    <Compile Include="DrawPylonRadiusComponent.d" />
    <Compile Include="DrawQuadComponent.d" />
    <Compile Include="DrawSoundRadiusComponent.d" />
    <Compile Include="DrawSphereComponent.d" />
    <Compile Include="DroppedPickup.d" />
    <Compile Include="DynamicAnchor.d" />
    <Compile Include="DynamicBlockingVolume.d" />
    <Compile Include="DynamicCameraActor.d" />
    <Compile Include="DynamicLightEnvironmentComponent.d" />
    <Compile Include="DynamicPhysicsVolume.d" />
    <Compile Include="DynamicPylon.d" />
    <Compile Include="DynamicSMActor.d" />
    <Compile Include="DynamicSMActor_Spawnable.d" />
    <Compile Include="DynamicTriggerVolume.d" />
    <Compile Include="EdCoordSystem.d" />
    <Compile Include="EditorLinkSelectionInterface.d" />
    <Compile Include="Emitter.d" />
    <Compile Include="EmitterCameraLensEffectBase.d" />
    <Compile Include="EmitterPool.d" />
    <Compile Include="EmitterSpawnable.d" />
    <Compile Include="Engine.d" />
    <Compile Include="EngineTypes.d" />
    <Compile Include="EnvironmentVolume.d" />
    <Compile Include="ExponentialHeightFog.d" />
    <Compile Include="ExponentialHeightFogComponent.d" />
    <Compile Include="FaceFXAnimSet.d" />
    <Compile Include="FaceFXAsset.d" />
    <Compile Include="FailedConnect.d" />
    <Compile Include="FileChannel.d" />
    <Compile Include="FileLog.d" />
    <Compile Include="FileWriter.d" />
    <Compile Include="FloorToCeilingReachSpec.d" />
    <Compile Include="FluidInfluenceActor.d" />
    <Compile Include="FluidInfluenceComponent.d" />
    <Compile Include="FluidSurfaceActor.d" />
    <Compile Include="FluidSurfaceActorMovable.d" />
    <Compile Include="FluidSurfaceComponent.d" />
    <Compile Include="FogVolumeConeDensityComponent.d" />
    <Compile Include="FogVolumeConeDensityInfo.d" />
    <Compile Include="FogVolumeConstantDensityComponent.d" />
    <Compile Include="FogVolumeConstantDensityInfo.d" />
    <Compile Include="FogVolumeDensityComponent.d" />
    <Compile Include="FogVolumeDensityInfo.d" />
    <Compile Include="FogVolumeLinearHalfspaceDensityComponent.d" />
    <Compile Include="FogVolumeLinearHalfspaceDensityInfo.d" />
    <Compile Include="FogVolumeSphericalDensityComponent.d" />
    <Compile Include="FogVolumeSphericalDensityInfo.d" />
    <Compile Include="Font.d" />
    <Compile Include="FontImportOptions.d" />
    <Compile Include="ForcedReachSpec.d" />
    <Compile Include="ForceFeedbackManager.d" />
    <Compile Include="ForceFeedbackWaveform.d" />
    <Compile Include="ForceFieldShape.d" />
    <Compile Include="ForceFieldShapeBox.d" />
    <Compile Include="ForceFieldShapeCapsule.d" />
    <Compile Include="ForceFieldShapeSphere.d" />
    <Compile Include="FracturedBaseComponent.d" />
    <Compile Include="FracturedSkinnedMeshComponent.d" />
    <Compile Include="FracturedSMActorSpawnable.d" />
    <Compile Include="FracturedStaticMesh.d" />
    <Compile Include="FracturedStaticMeshActor.d" />
    <Compile Include="FracturedStaticMeshComponent.d" />
    <Compile Include="FracturedStaticMeshPart.d" />
    <Compile Include="FractureManager.d" />
    <Compile Include="FractureMaterial.d" />
    <Compile Include="GameEngine.d" />
    <Compile Include="GameInfo.d" />
    <Compile Include="GameMessage.d" />
    <Compile Include="GameplayEvents.d" />
    <Compile Include="GameplayEventsHandler.d" />
    <Compile Include="GameplayEventsReader.d" />
    <Compile Include="GameplayEventsWriter.d" />
    <Compile Include="GameReplicationInfo.d" />
    <Compile Include="GameUISceneClient.d" />
    <Compile Include="GameViewportClient.d" />
    <Compile Include="GeneratedMeshAreaLight.d" />
    <Compile Include="GenericParamListStatEntry.d" />
    <Compile Include="Goal_AtActor.d" />
    <Compile Include="Goal_Null.d" />
    <Compile Include="GravityVolume.d" />
    <Compile Include="GuidCache.d" />
    <Compile Include="HeightFog.d" />
    <Compile Include="HeightFogComponent.d" />
    <Compile Include="HUD.d" />
    <Compile Include="ImageBasedReflectionComponent.d" />
    <Compile Include="ImageReflection.d" />
    <Compile Include="ImageReflectionComponent.d" />
    <Compile Include="ImageReflectionSceneCapture.d" />
    <Compile Include="Info.d" />
    <Compile Include="InGameAdManager.d" />
    <Compile Include="IniLocPatcher.d" />
    <Compile Include="Input.d" />
    <Compile Include="InstancedStaticMeshComponent.d" />
    <Compile Include="Interaction.d" />
    <Compile Include="InteractiveFoliageActor.d" />
    <Compile Include="InteractiveFoliageComponent.d" />
    <Compile Include="Interface_NavigationHandle.d" />
    <Compile Include="Interface_NavMeshPathObject.d" />
    <Compile Include="Interface_NavMeshPathObstacle.d" />
    <Compile Include="Interface_NavMeshPathSwitch.d" />
    <Compile Include="Interface_Speaker.d" />
    <Compile Include="InterpActor.d" />
    <Compile Include="InterpActor_ForCinematic.d" />
    <Compile Include="InterpCurveEdSetup.d" />
    <Compile Include="InterpData.d" />
    <Compile Include="InterpFilter.d" />
    <Compile Include="InterpFilter_Classes.d" />
    <Compile Include="InterpFilter_Custom.d" />
    <Compile Include="InterpGroup.d" />
    <Compile Include="InterpGroupAI.d" />
    <Compile Include="InterpGroupDirector.d" />
    <Compile Include="InterpGroupInst.d" />
    <Compile Include="InterpGroupInstAI.d" />
    <Compile Include="InterpGroupInstDirector.d" />
    <Compile Include="InterpTrack.d" />
    <Compile Include="InterpTrackAnimControl.d" />
    <Compile Include="InterpTrackAudioMaster.d" />
    <Compile Include="InterpTrackBoolProp.d" />
    <Compile Include="InterpTrackColorProp.d" />
    <Compile Include="InterpTrackColorScale.d" />
    <Compile Include="InterpTrackDirector.d" />
    <Compile Include="InterpTrackEvent.d" />
    <Compile Include="InterpTrackFaceFX.d" />
    <Compile Include="InterpTrackFade.d" />
    <Compile Include="InterpTrackFloatBase.d" />
    <Compile Include="InterpTrackFloatMaterialParam.d" />
    <Compile Include="InterpTrackFloatParticleParam.d" />
    <Compile Include="InterpTrackFloatProp.d" />
    <Compile Include="InterpTrackHeadTracking.d" />
    <Compile Include="InterpTrackInst.d" />
    <Compile Include="InterpTrackInstAnimControl.d" />
    <Compile Include="InterpTrackInstAudioMaster.d" />
    <Compile Include="InterpTrackInstBoolProp.d" />
    <Compile Include="InterpTrackInstColorProp.d" />
    <Compile Include="InterpTrackInstColorScale.d" />
    <Compile Include="InterpTrackInstDirector.d" />
    <Compile Include="InterpTrackInstEvent.d" />
    <Compile Include="InterpTrackInstFaceFX.d" />
    <Compile Include="InterpTrackInstFade.d" />
    <Compile Include="InterpTrackInstFloatMaterialParam.d" />
    <Compile Include="InterpTrackInstFloatParticleParam.d" />
    <Compile Include="InterpTrackInstFloatProp.d" />
    <Compile Include="InterpTrackInstHeadTracking.d" />
    <Compile Include="InterpTrackInstLinearColorProp.d" />
    <Compile Include="InterpTrackInstMorphWeight.d" />
    <Compile Include="InterpTrackInstMove.d" />
    <Compile Include="InterpTrackInstParticleReplay.d" />
    <Compile Include="InterpTrackInstProperty.d" />
    <Compile Include="InterpTrackInstSkelControlScale.d" />
    <Compile Include="InterpTrackInstSlomo.d" />
    <Compile Include="InterpTrackInstSound.d" />
    <Compile Include="InterpTrackInstToggle.d" />
    <Compile Include="InterpTrackInstVectorMaterialParam.d" />
    <Compile Include="InterpTrackInstVectorProp.d" />
    <Compile Include="InterpTrackInstVisibility.d" />
    <Compile Include="InterpTrackLinearColorBase.d" />
    <Compile Include="InterpTrackLinearColorProp.d" />
    <Compile Include="InterpTrackMorphWeight.d" />
    <Compile Include="InterpTrackMove.d" />
    <Compile Include="InterpTrackMoveAxis.d" />
    <Compile Include="InterpTrackParticleReplay.d" />
    <Compile Include="InterpTrackSkelControlScale.d" />
    <Compile Include="InterpTrackSlomo.d" />
    <Compile Include="InterpTrackSound.d" />
    <Compile Include="InterpTrackToggle.d" />
    <Compile Include="InterpTrackVectorBase.d" />
    <Compile Include="InterpTrackVectorMaterialParam.d" />
    <Compile Include="InterpTrackVectorProp.d" />
    <Compile Include="InterpTrackVisibility.d" />
    <Compile Include="Inventory.d" />
    <Compile Include="InventoryManager.d" />
    <Compile Include="K2Connector.d" />
    <Compile Include="K2GraphBase.d" />
    <Compile Include="K2Input.d" />
    <Compile Include="K2Input_Bool.d" />
    <Compile Include="K2Input_Exec.d" />
    <Compile Include="K2Input_Float.d" />
    <Compile Include="K2Input_Int.d" />
    <Compile Include="K2Input_Object.d" />
    <Compile Include="K2Input_Rotator.d" />
    <Compile Include="K2Input_String.d" />
    <Compile Include="K2Input_Vector.d" />
    <Compile Include="K2Node_Code.d" />
    <Compile Include="K2Node_Event.d" />
    <Compile Include="K2Node_ForLoop.d" />
    <Compile Include="K2Node_Func.d" />
    <Compile Include="K2Node_Func_NewComp.d" />
    <Compile Include="K2Node_FuncBase.d" />
    <Compile Include="K2Node_FuncPure.d" />
    <Compile Include="K2Node_IfElse.d" />
    <Compile Include="K2Node_MemberVar.d" />
    <Compile Include="K2NodeBase.d" />
    <Compile Include="K2Output.d" />
    <Compile Include="K2Output_Object.d" />
    <Compile Include="KActor.d" />
    <Compile Include="KActorFromStatic.d" />
    <Compile Include="KActorSpawnable.d" />
    <Compile Include="KAsset.d" />
    <Compile Include="KAssetSpawnable.d" />
    <Compile Include="Keypoint.d" />
    <Compile Include="KillZDamageType.d" />
    <Compile Include="KismetBookMark.d" />
    <Compile Include="KMeshProps.d" />
    <Compile Include="Ladder.d" />
    <Compile Include="LadderReachSpec.d" />
    <Compile Include="LadderVolume.d" />
    <Compile Include="Landscape.d" />
    <Compile Include="LandscapeComponent.d" />
    <Compile Include="LandscapeHeightfieldCollisionComponent.d" />
    <Compile Include="LensFlare.d" />
    <Compile Include="LensFlareComponent.d" />
    <Compile Include="LensFlareSource.d" />
    <Compile Include="Level.d" />
    <Compile Include="LevelBase.d" />
    <Compile Include="LevelGridVolume.d" />
    <Compile Include="LevelGridVolumeRenderingComponent.d" />
    <Compile Include="LevelStreaming.d" />
    <Compile Include="LevelStreamingAlwaysLoaded.d" />
    <Compile Include="LevelStreamingDistance.d" />
    <Compile Include="LevelStreamingKismet.d" />
    <Compile Include="LevelStreamingPersistent.d" />
    <Compile Include="LevelStreamingVolume.d" />
    <Compile Include="LiftCenter.d" />
    <Compile Include="LiftExit.d" />
    <Compile Include="Light.d" />
    <Compile Include="LightComponent.d" />
    <Compile Include="LightEnvironmentComponent.d" />
    <Compile Include="LightFunction.d" />
    <Compile Include="LightmappedSurfaceCollection.d" />
    <Compile Include="LightMapTexture2D.d" />
    <Compile Include="LightmassCharacterIndirectDetailVolume.d" />
    <Compile Include="LightmassImportanceVolume.d" />
    <Compile Include="LightmassLevelSettings.d" />
    <Compile Include="LightmassPrimitiveSettingsObject.d" />
    <Compile Include="LightVolume.d" />
    <Compile Include="LineBatchComponent.d" />
    <Compile Include="LocalMessage.d" />
    <Compile Include="LocalPlayer.d" />
    <Compile Include="MantleReachSpec.d" />
    <Compile Include="MapInfo.d" />
    <Compile Include="MassiveLODOverrideVolume.d" />
    <Compile Include="Material.d" />
    <Compile Include="MaterialEffect.d" />
    <Compile Include="MaterialExpression.d" />
    <Compile Include="MaterialExpressionAbs.d" />
    <Compile Include="MaterialExpressionAdd.d" />
    <Compile Include="MaterialExpressionAntialiasedTextureMask.d" />
    <Compile Include="MaterialExpressionAppendVector.d" />
    <Compile Include="MaterialExpressionBumpOffset.d" />
    <Compile Include="MaterialExpressionCameraVector.d" />
    <Compile Include="MaterialExpressionCameraWorldPosition.d" />
    <Compile Include="MaterialExpressionCeil.d" />
    <Compile Include="MaterialExpressionClamp.d" />
    <Compile Include="MaterialExpressionComment.d" />
    <Compile Include="MaterialExpressionComponentMask.d" />
    <Compile Include="MaterialExpressionCompound.d" />
    <Compile Include="MaterialExpressionConstant.d" />
    <Compile Include="MaterialExpressionConstant2Vector.d" />
    <Compile Include="MaterialExpressionConstant3Vector.d" />
    <Compile Include="MaterialExpressionConstant4Vector.d" />
    <Compile Include="MaterialExpressionConstantBiasScale.d" />
    <Compile Include="MaterialExpressionConstantClamp.d" />
    <Compile Include="MaterialExpressionCosine.d" />
    <Compile Include="MaterialExpressionCrossProduct.d" />
    <Compile Include="MaterialExpressionCustom.d" />
    <Compile Include="MaterialExpressionCustomTexture.d" />
    <Compile Include="MaterialExpressionDepthBiasBlend.d" />
    <Compile Include="MaterialExpressionDepthBiasedAlpha.d" />
    <Compile Include="MaterialExpressionDepthBiasedBlend.d" />
  </ItemGroup>
</Project>